// !$*UTF8*$!
{
	archiveVersion = 1;
	classes = {
	};
	objectVersion = 50;
	objects = {

/* Begin PBXBuildFile section */
		13A90314477228F7E416E94B /* Pods_UVM_FabLab.framework in Frameworks */ = {isa = PBXBuildFile; fileRef = 82A5BA8EB972FF268697CE77 /* Pods_UVM_FabLab.framework */; };
		2513D45422628D3F0032AA8F /* SearchBarDelegate.swift in Sources */ = {isa = PBXBuildFile; fileRef = 2513D45322628D3F0032AA8F /* SearchBarDelegate.swift */; };
		2513D456226295CB0032AA8F /* FabWebAPI.swift in Sources */ = {isa = PBXBuildFile; fileRef = 2513D455226295CB0032AA8F /* FabWebAPI.swift */; };
		2513D45822629C470032AA8F /* Ticket.swift in Sources */ = {isa = PBXBuildFile; fileRef = 2513D45722629C470032AA8F /* Ticket.swift */; };
		BF0B65E4222CCD49007693B8 /* Assets.xcassets in Resources */ = {isa = PBXBuildFile; fileRef = BF0B65E3222CCD49007693B8 /* Assets.xcassets */; };
		BF0BCCFC22551757008942B6 /* InfoViewController.swift in Sources */ = {isa = PBXBuildFile; fileRef = BF0BCCFB22551757008942B6 /* InfoViewController.swift */; };
		BF4DE10622417CF100C80898 /* TicketTableViewController.swift in Sources */ = {isa = PBXBuildFile; fileRef = BF4DE10522417CF100C80898 /* TicketTableViewController.swift */; };
		BFA1A688222CBABB00D9B167 /* AppDelegate.swift in Sources */ = {isa = PBXBuildFile; fileRef = BFA1A687222CBABB00D9B167 /* AppDelegate.swift */; };
		BFA1A68F222CBABB00D9B167 /* Main.storyboard in Resources */ = {isa = PBXBuildFile; fileRef = BFA1A68D222CBABB00D9B167 /* Main.storyboard */; };
		BFA1A694222CBAC200D9B167 /* LaunchScreen.storyboard in Resources */ = {isa = PBXBuildFile; fileRef = BFA1A692222CBAC200D9B167 /* LaunchScreen.storyboard */; };
		BFA1A69F222CBAC200D9B167 /* UVM_FabLabTests.swift in Sources */ = {isa = PBXBuildFile; fileRef = BFA1A69E222CBAC200D9B167 /* UVM_FabLabTests.swift */; };
		BFA1A6AA222CBAC200D9B167 /* UVM_FabLabUITests.swift in Sources */ = {isa = PBXBuildFile; fileRef = BFA1A6A9222CBAC200D9B167 /* UVM_FabLabUITests.swift */; };
		BFDE6F3B222DB89A00914696 /* Gobold_Bold.ttf in Resources */ = {isa = PBXBuildFile; fileRef = BFDE6F3A222DB89A00914696 /* Gobold_Bold.ttf */; };
		BFDE6F3D222DB8B900914696 /* Brown-Regular.ttf in Resources */ = {isa = PBXBuildFile; fileRef = BFDE6F3C222DB8B900914696 /* Brown-Regular.ttf */; };
/* End PBXBuildFile section */

/* Begin PBXContainerItemProxy section */
		BFA1A69B222CBAC200D9B167 /* PBXContainerItemProxy */ = {
			isa = PBXContainerItemProxy;
			containerPortal = BFA1A67C222CBABB00D9B167 /* Project object */;
			proxyType = 1;
			remoteGlobalIDString = BFA1A683222CBABB00D9B167;
			remoteInfo = "UVM FabLab";
		};
		BFA1A6A6222CBAC200D9B167 /* PBXContainerItemProxy */ = {
			isa = PBXContainerItemProxy;
			containerPortal = BFA1A67C222CBABB00D9B167 /* Project object */;
			proxyType = 1;
			remoteGlobalIDString = BFA1A683222CBABB00D9B167;
			remoteInfo = "UVM FabLab";
		};
/* End PBXContainerItemProxy section */

/* Begin PBXFileReference section */
		2513D45322628D3F0032AA8F /* SearchBarDelegate.swift */ = {isa = PBXFileReference; lastKnownFileType = sourcecode.swift; path = SearchBarDelegate.swift; sourceTree = "<group>"; };
		2513D455226295CB0032AA8F /* FabWebAPI.swift */ = {isa = PBXFileReference; lastKnownFileType = sourcecode.swift; path = FabWebAPI.swift; sourceTree = "<group>"; };
		2513D45722629C470032AA8F /* Ticket.swift */ = {isa = PBXFileReference; lastKnownFileType = sourcecode.swift; path = Ticket.swift; sourceTree = "<group>"; };
		82A5BA8EB972FF268697CE77 /* Pods_UVM_FabLab.framework */ = {isa = PBXFileReference; explicitFileType = wrapper.framework; includeInIndex = 0; path = Pods_UVM_FabLab.framework; sourceTree = BUILT_PRODUCTS_DIR; };
		9FB224CEF6D068047ECBB622 /* Pods-UVM FabLab.debug.xcconfig */ = {isa = PBXFileReference; includeInIndex = 1; lastKnownFileType = text.xcconfig; name = "Pods-UVM FabLab.debug.xcconfig"; path = "Target Support Files/Pods-UVM FabLab/Pods-UVM FabLab.debug.xcconfig"; sourceTree = "<group>"; };
		BF0B65E3222CCD49007693B8 /* Assets.xcassets */ = {isa = PBXFileReference; lastKnownFileType = folder.assetcatalog; path = Assets.xcassets; sourceTree = "<group>"; };
		BF0BCCFB22551757008942B6 /* InfoViewController.swift */ = {isa = PBXFileReference; lastKnownFileType = sourcecode.swift; path = InfoViewController.swift; sourceTree = "<group>"; };
		BF366A5A2261110A00284DFF /* Raleway-Regular.ttf */ = {isa = PBXFileReference; lastKnownFileType = file; name = "Raleway-Regular.ttf"; path = "UVM FabLab/Additional/Assets.xcassets/Raleway-Regular.dataset/Raleway-Regular.ttf"; sourceTree = SOURCE_ROOT; };
		BF4DE10522417CF100C80898 /* TicketTableViewController.swift */ = {isa = PBXFileReference; lastKnownFileType = sourcecode.swift; path = TicketTableViewController.swift; sourceTree = "<group>"; };
		BFA1A684222CBABB00D9B167 /* UVM FabLab.app */ = {isa = PBXFileReference; explicitFileType = wrapper.application; includeInIndex = 0; path = "UVM FabLab.app"; sourceTree = BUILT_PRODUCTS_DIR; };
		BFA1A687222CBABB00D9B167 /* AppDelegate.swift */ = {isa = PBXFileReference; lastKnownFileType = sourcecode.swift; path = AppDelegate.swift; sourceTree = "<group>"; };
		BFA1A68E222CBABB00D9B167 /* Base */ = {isa = PBXFileReference; lastKnownFileType = file.storyboard; name = Base; path = Base.lproj/Main.storyboard; sourceTree = "<group>"; };
		BFA1A693222CBAC200D9B167 /* Base */ = {isa = PBXFileReference; lastKnownFileType = file.storyboard; name = Base; path = Base.lproj/LaunchScreen.storyboard; sourceTree = "<group>"; };
		BFA1A695222CBAC200D9B167 /* Info.plist */ = {isa = PBXFileReference; lastKnownFileType = text.plist.xml; path = Info.plist; sourceTree = "<group>"; };
		BFA1A69A222CBAC200D9B167 /* UVM FabLabTests.xctest */ = {isa = PBXFileReference; explicitFileType = wrapper.cfbundle; includeInIndex = 0; path = "UVM FabLabTests.xctest"; sourceTree = BUILT_PRODUCTS_DIR; };
		BFA1A69E222CBAC200D9B167 /* UVM_FabLabTests.swift */ = {isa = PBXFileReference; lastKnownFileType = sourcecode.swift; path = UVM_FabLabTests.swift; sourceTree = "<group>"; };
		BFA1A6A0222CBAC200D9B167 /* Info.plist */ = {isa = PBXFileReference; lastKnownFileType = text.plist.xml; path = Info.plist; sourceTree = "<group>"; };
		BFA1A6A5222CBAC200D9B167 /* UVM FabLabUITests.xctest */ = {isa = PBXFileReference; explicitFileType = wrapper.cfbundle; includeInIndex = 0; path = "UVM FabLabUITests.xctest"; sourceTree = BUILT_PRODUCTS_DIR; };
		BFA1A6A9222CBAC200D9B167 /* UVM_FabLabUITests.swift */ = {isa = PBXFileReference; lastKnownFileType = sourcecode.swift; path = UVM_FabLabUITests.swift; sourceTree = "<group>"; };
		BFA1A6AB222CBAC200D9B167 /* Info.plist */ = {isa = PBXFileReference; lastKnownFileType = text.plist.xml; path = Info.plist; sourceTree = "<group>"; };
		BFDE6F3A222DB89A00914696 /* Gobold_Bold.ttf */ = {isa = PBXFileReference; lastKnownFileType = file; name = Gobold_Bold.ttf; path = "UVM FabLab/Additional/Assets.xcassets/Gobold_Bold.dataset/Gobold_Bold.ttf"; sourceTree = SOURCE_ROOT; };
		BFDE6F3C222DB8B900914696 /* Brown-Regular.ttf */ = {isa = PBXFileReference; lastKnownFileType = file; name = "Brown-Regular.ttf"; path = "../UVM FabLab/Additional/Assets.xcassets/Brown-Regular.dataset/Brown-Regular.ttf"; sourceTree = "<group>"; };
		D7061C160EF60D37624BDEF2 /* Pods-UVM FabLab.release.xcconfig */ = {isa = PBXFileReference; includeInIndex = 1; lastKnownFileType = text.xcconfig; name = "Pods-UVM FabLab.release.xcconfig"; path = "Target Support Files/Pods-UVM FabLab/Pods-UVM FabLab.release.xcconfig"; sourceTree = "<group>"; };
		DE9C3BD5C5CC6B96C0CDE137 /* Pods_UVM_FabLabTests.framework */ = {isa = PBXFileReference; explicitFileType = wrapper.framework; includeInIndex = 0; path = Pods_UVM_FabLabTests.framework; sourceTree = BUILT_PRODUCTS_DIR; };
		F197C88BC6EEE53846C91A53 /* Pods_UVM_FabLabUITests.framework */ = {isa = PBXFileReference; explicitFileType = wrapper.framework; includeInIndex = 0; path = Pods_UVM_FabLabUITests.framework; sourceTree = BUILT_PRODUCTS_DIR; };
/* End PBXFileReference section */

/* Begin PBXFrameworksBuildPhase section */
		BFA1A681222CBABB00D9B167 /* Frameworks */ = {
			isa = PBXFrameworksBuildPhase;
			buildActionMask = 2147483647;
			files = (
				13A90314477228F7E416E94B /* Pods_UVM_FabLab.framework in Frameworks */,
			);
			runOnlyForDeploymentPostprocessing = 0;
		};
		BFA1A697222CBAC200D9B167 /* Frameworks */ = {
			isa = PBXFrameworksBuildPhase;
			buildActionMask = 2147483647;
			files = (
			);
			runOnlyForDeploymentPostprocessing = 0;
		};
		BFA1A6A2222CBAC200D9B167 /* Frameworks */ = {
			isa = PBXFrameworksBuildPhase;
			buildActionMask = 2147483647;
			files = (
			);
			runOnlyForDeploymentPostprocessing = 0;
		};
/* End PBXFrameworksBuildPhase section */

/* Begin PBXGroup section */
		2513D44F226287780032AA8F /* Model */ = {
			isa = PBXGroup;
			children = (
				2513D455226295CB0032AA8F /* FabWebAPI.swift */,
				2513D45722629C470032AA8F /* Ticket.swift */,
			);
			path = Model;
			sourceTree = "<group>";
		};
		2513D450226287900032AA8F /* View */ = {
			isa = PBXGroup;
			children = (
			);
			path = View;
			sourceTree = "<group>";
		};
		2513D451226287970032AA8F /* Controller */ = {
			isa = PBXGroup;
			children = (
				BF0BCCFB22551757008942B6 /* InfoViewController.swift */,
				BF4DE10522417CF100C80898 /* TicketTableViewController.swift */,
				2513D45322628D3F0032AA8F /* SearchBarDelegate.swift */,
			);
			path = Controller;
			sourceTree = "<group>";
		};
		2513D452226287D80032AA8F /* Additional */ = {
			isa = PBXGroup;
			children = (
				BFA1A687222CBABB00D9B167 /* AppDelegate.swift */,
				BFA1A68D222CBABB00D9B167 /* Main.storyboard */,
				BF0B65E3222CCD49007693B8 /* Assets.xcassets */,
				BFA1A692222CBAC200D9B167 /* LaunchScreen.storyboard */,
			);
			path = Additional;
			sourceTree = "<group>";
		};
		251AD42869EAAB13F400F25D /* Pods */ = {
			isa = PBXGroup;
			children = (
				9FB224CEF6D068047ECBB622 /* Pods-UVM FabLab.debug.xcconfig */,
				D7061C160EF60D37624BDEF2 /* Pods-UVM FabLab.release.xcconfig */,
			);
			path = Pods;
			sourceTree = "<group>";
		};
		AB40D46361394E68FC764E55 /* Frameworks */ = {
			isa = PBXGroup;
			children = (
				82A5BA8EB972FF268697CE77 /* Pods_UVM_FabLab.framework */,
				DE9C3BD5C5CC6B96C0CDE137 /* Pods_UVM_FabLabTests.framework */,
				F197C88BC6EEE53846C91A53 /* Pods_UVM_FabLabUITests.framework */,
			);
			name = Frameworks;
			sourceTree = "<group>";
		};
		BFA1A67B222CBABB00D9B167 = {
			isa = PBXGroup;
			children = (
				BFA1A686222CBABB00D9B167 /* UVM FabLab */,
				BFA1A69D222CBAC200D9B167 /* UVM FabLabTests */,
				BFA1A6A8222CBAC200D9B167 /* UVM FabLabUITests */,
				BFDE6F37222DB84D00914696 /* Fonts */,
				BFA1A685222CBABB00D9B167 /* Products */,
				251AD42869EAAB13F400F25D /* Pods */,
				AB40D46361394E68FC764E55 /* Frameworks */,
			);
			sourceTree = "<group>";
		};
		BFA1A685222CBABB00D9B167 /* Products */ = {
			isa = PBXGroup;
			children = (
				BFA1A684222CBABB00D9B167 /* UVM FabLab.app */,
				BFA1A69A222CBAC200D9B167 /* UVM FabLabTests.xctest */,
				BFA1A6A5222CBAC200D9B167 /* UVM FabLabUITests.xctest */,
			);
			name = Products;
			sourceTree = "<group>";
		};
		BFA1A686222CBABB00D9B167 /* UVM FabLab */ = {
			isa = PBXGroup;
			children = (
				BFA1A695222CBAC200D9B167 /* Info.plist */,
				2513D452226287D80032AA8F /* Additional */,
				2513D450226287900032AA8F /* View */,
				2513D44F226287780032AA8F /* Model */,
				2513D451226287970032AA8F /* Controller */,
			);
			path = "UVM FabLab";
			sourceTree = "<group>";
		};
		BFA1A69D222CBAC200D9B167 /* UVM FabLabTests */ = {
			isa = PBXGroup;
			children = (
				BFA1A69E222CBAC200D9B167 /* UVM_FabLabTests.swift */,
				BFA1A6A0222CBAC200D9B167 /* Info.plist */,
			);
			path = "UVM FabLabTests";
			sourceTree = "<group>";
		};
		BFA1A6A8222CBAC200D9B167 /* UVM FabLabUITests */ = {
			isa = PBXGroup;
			children = (
				BFA1A6A9222CBAC200D9B167 /* UVM_FabLabUITests.swift */,
				BFA1A6AB222CBAC200D9B167 /* Info.plist */,
			);
			path = "UVM FabLabUITests";
			sourceTree = "<group>";
		};
		BFDE6F37222DB84D00914696 /* Fonts */ = {
			isa = PBXGroup;
			children = (
				BFDE6F3A222DB89A00914696 /* Gobold_Bold.ttf */,
				BF366A5A2261110A00284DFF /* Raleway-Regular.ttf */,
				BFDE6F3C222DB8B900914696 /* Brown-Regular.ttf */,
			);
			path = Fonts;
			sourceTree = "<group>";
		};
/* End PBXGroup section */

/* Begin PBXNativeTarget section */
		BFA1A683222CBABB00D9B167 /* UVM FabLab */ = {
			isa = PBXNativeTarget;
			buildConfigurationList = BFA1A6AE222CBAC200D9B167 /* Build configuration list for PBXNativeTarget "UVM FabLab" */;
			buildPhases = (
				EF594BDB791E31C333703226 /* [CP] Check Pods Manifest.lock */,
				BFA1A680222CBABB00D9B167 /* Sources */,
				BFA1A681222CBABB00D9B167 /* Frameworks */,
				BFA1A682222CBABB00D9B167 /* Resources */,
				0A662136EC9C2CFCCEBC5CCE /* [CP] Embed Pods Frameworks */,
			);
			buildRules = (
			);
			dependencies = (
			);
			name = "UVM FabLab";
			productName = "UVM FabLab";
			productReference = BFA1A684222CBABB00D9B167 /* UVM FabLab.app */;
			productType = "com.apple.product-type.application";
		};
		BFA1A699222CBAC200D9B167 /* UVM FabLabTests */ = {
			isa = PBXNativeTarget;
			buildConfigurationList = BFA1A6B1222CBAC200D9B167 /* Build configuration list for PBXNativeTarget "UVM FabLabTests" */;
			buildPhases = (
				BFA1A696222CBAC200D9B167 /* Sources */,
				BFA1A697222CBAC200D9B167 /* Frameworks */,
				BFA1A698222CBAC200D9B167 /* Resources */,
			);
			buildRules = (
			);
			dependencies = (
				BFA1A69C222CBAC200D9B167 /* PBXTargetDependency */,
			);
			name = "UVM FabLabTests";
			productName = "UVM FabLabTests";
			productReference = BFA1A69A222CBAC200D9B167 /* UVM FabLabTests.xctest */;
			productType = "com.apple.product-type.bundle.unit-test";
		};
		BFA1A6A4222CBAC200D9B167 /* UVM FabLabUITests */ = {
			isa = PBXNativeTarget;
			buildConfigurationList = BFA1A6B4222CBAC200D9B167 /* Build configuration list for PBXNativeTarget "UVM FabLabUITests" */;
			buildPhases = (
				BFA1A6A1222CBAC200D9B167 /* Sources */,
				BFA1A6A2222CBAC200D9B167 /* Frameworks */,
				BFA1A6A3222CBAC200D9B167 /* Resources */,
			);
			buildRules = (
			);
			dependencies = (
				BFA1A6A7222CBAC200D9B167 /* PBXTargetDependency */,
			);
			name = "UVM FabLabUITests";
			productName = "UVM FabLabUITests";
			productReference = BFA1A6A5222CBAC200D9B167 /* UVM FabLabUITests.xctest */;
			productType = "com.apple.product-type.bundle.ui-testing";
		};
/* End PBXNativeTarget section */

/* Begin PBXProject section */
		BFA1A67C222CBABB00D9B167 /* Project object */ = {
			isa = PBXProject;
			attributes = {
				LastSwiftUpdateCheck = 1010;
				LastUpgradeCheck = 1010;
				ORGANIZATIONNAME = UVM;
				TargetAttributes = {
					BFA1A683222CBABB00D9B167 = {
						CreatedOnToolsVersion = 10.1;
					};
					BFA1A699222CBAC200D9B167 = {
						CreatedOnToolsVersion = 10.1;
						TestTargetID = BFA1A683222CBABB00D9B167;
					};
					BFA1A6A4222CBAC200D9B167 = {
						CreatedOnToolsVersion = 10.1;
						TestTargetID = BFA1A683222CBABB00D9B167;
					};
				};
			};
			buildConfigurationList = BFA1A67F222CBABB00D9B167 /* Build configuration list for PBXProject "UVM FabLab" */;
			compatibilityVersion = "Xcode 9.3";
			developmentRegion = en;
			hasScannedForEncodings = 0;
			knownRegions = (
				en,
				Base,
			);
			mainGroup = BFA1A67B222CBABB00D9B167;
			productRefGroup = BFA1A685222CBABB00D9B167 /* Products */;
			projectDirPath = "";
			projectRoot = "";
			targets = (
				BFA1A683222CBABB00D9B167 /* UVM FabLab */,
				BFA1A699222CBAC200D9B167 /* UVM FabLabTests */,
				BFA1A6A4222CBAC200D9B167 /* UVM FabLabUITests */,
			);
		};
/* End PBXProject section */

/* Begin PBXResourcesBuildPhase section */
		BFA1A682222CBABB00D9B167 /* Resources */ = {
			isa = PBXResourcesBuildPhase;
			buildActionMask = 2147483647;
			files = (
				BFA1A694222CBAC200D9B167 /* LaunchScreen.storyboard in Resources */,
				BF0B65E4222CCD49007693B8 /* Assets.xcassets in Resources */,
				BFDE6F3B222DB89A00914696 /* Gobold_Bold.ttf in Resources */,
				BFDE6F3D222DB8B900914696 /* Brown-Regular.ttf in Resources */,
				BFA1A68F222CBABB00D9B167 /* Main.storyboard in Resources */,
			);
			runOnlyForDeploymentPostprocessing = 0;
		};
		BFA1A698222CBAC200D9B167 /* Resources */ = {
			isa = PBXResourcesBuildPhase;
			buildActionMask = 2147483647;
			files = (
			);
			runOnlyForDeploymentPostprocessing = 0;
		};
		BFA1A6A3222CBAC200D9B167 /* Resources */ = {
			isa = PBXResourcesBuildPhase;
			buildActionMask = 2147483647;
			files = (
			);
			runOnlyForDeploymentPostprocessing = 0;
		};
/* End PBXResourcesBuildPhase section */

/* Begin PBXShellScriptBuildPhase section */
		0A662136EC9C2CFCCEBC5CCE /* [CP] Embed Pods Frameworks */ = {
			isa = PBXShellScriptBuildPhase;
			buildActionMask = 2147483647;
			files = (
			);
			inputFileListPaths = (
			);
			inputPaths = (
				"${PODS_ROOT}/Target Support Files/Pods-UVM FabLab/Pods-UVM FabLab-frameworks.sh",
				"${BUILT_PRODUCTS_DIR}/SnapKit/SnapKit.framework",
			);
			name = "[CP] Embed Pods Frameworks";
			outputFileListPaths = (
			);
			outputPaths = (
				"${TARGET_BUILD_DIR}/${FRAMEWORKS_FOLDER_PATH}/SnapKit.framework",
			);
			runOnlyForDeploymentPostprocessing = 0;
			shellPath = /bin/sh;
			shellScript = "\"${PODS_ROOT}/Target Support Files/Pods-UVM FabLab/Pods-UVM FabLab-frameworks.sh\"\n";
			showEnvVarsInLog = 0;
		};
		EF594BDB791E31C333703226 /* [CP] Check Pods Manifest.lock */ = {
			isa = PBXShellScriptBuildPhase;
			buildActionMask = 2147483647;
			files = (
			);
			inputFileListPaths = (
			);
			inputPaths = (
				"${PODS_PODFILE_DIR_PATH}/Podfile.lock",
				"${PODS_ROOT}/Manifest.lock",
			);
			name = "[CP] Check Pods Manifest.lock";
			outputFileListPaths = (
			);
			outputPaths = (
				"$(DERIVED_FILE_DIR)/Pods-UVM FabLab-checkManifestLockResult.txt",
			);
			runOnlyForDeploymentPostprocessing = 0;
			shellPath = /bin/sh;
			shellScript = "diff \"${PODS_PODFILE_DIR_PATH}/Podfile.lock\" \"${PODS_ROOT}/Manifest.lock\" > /dev/null\nif [ $? != 0 ] ; then\n    # print error to STDERR\n    echo \"error: The sandbox is not in sync with the Podfile.lock. Run 'pod install' or update your CocoaPods installation.\" >&2\n    exit 1\nfi\n# This output is used by Xcode 'outputs' to avoid re-running this script phase.\necho \"SUCCESS\" > \"${SCRIPT_OUTPUT_FILE_0}\"\n";
			showEnvVarsInLog = 0;
		};
/* End PBXShellScriptBuildPhase section */

/* Begin PBXSourcesBuildPhase section */
		BFA1A680222CBABB00D9B167 /* Sources */ = {
			isa = PBXSourcesBuildPhase;
			buildActionMask = 2147483647;
			files = (
				2513D45422628D3F0032AA8F /* SearchBarDelegate.swift in Sources */,
				2513D45822629C470032AA8F /* Ticket.swift in Sources */,
				BFA1A688222CBABB00D9B167 /* AppDelegate.swift in Sources */,
				2513D456226295CB0032AA8F /* FabWebAPI.swift in Sources */,
				BF4DE10622417CF100C80898 /* TicketTableViewController.swift in Sources */,
				BF0BCCFC22551757008942B6 /* InfoViewController.swift in Sources */,
			);
			runOnlyForDeploymentPostprocessing = 0;
		};
		BFA1A696222CBAC200D9B167 /* Sources */ = {
			isa = PBXSourcesBuildPhase;
			buildActionMask = 2147483647;
			files = (
				BFA1A69F222CBAC200D9B167 /* UVM_FabLabTests.swift in Sources */,
			);
			runOnlyForDeploymentPostprocessing = 0;
		};
		BFA1A6A1222CBAC200D9B167 /* Sources */ = {
			isa = PBXSourcesBuildPhase;
			buildActionMask = 2147483647;
			files = (
				BFA1A6AA222CBAC200D9B167 /* UVM_FabLabUITests.swift in Sources */,
			);
			runOnlyForDeploymentPostprocessing = 0;
		};
/* End PBXSourcesBuildPhase section */

/* Begin PBXTargetDependency section */
		BFA1A69C222CBAC200D9B167 /* PBXTargetDependency */ = {
			isa = PBXTargetDependency;
			target = BFA1A683222CBABB00D9B167 /* UVM FabLab */;
			targetProxy = BFA1A69B222CBAC200D9B167 /* PBXContainerItemProxy */;
		};
		BFA1A6A7222CBAC200D9B167 /* PBXTargetDependency */ = {
			isa = PBXTargetDependency;
			target = BFA1A683222CBABB00D9B167 /* UVM FabLab */;
			targetProxy = BFA1A6A6222CBAC200D9B167 /* PBXContainerItemProxy */;
		};
/* End PBXTargetDependency section */

/* Begin PBXVariantGroup section */
		BFA1A68D222CBABB00D9B167 /* Main.storyboard */ = {
			isa = PBXVariantGroup;
			children = (
				BFA1A68E222CBABB00D9B167 /* Base */,
			);
			name = Main.storyboard;
			sourceTree = "<group>";
		};
		BFA1A692222CBAC200D9B167 /* LaunchScreen.storyboard */ = {
			isa = PBXVariantGroup;
			children = (
				BFA1A693222CBAC200D9B167 /* Base */,
			);
			name = LaunchScreen.storyboard;
			sourceTree = "<group>";
		};
/* End PBXVariantGroup section */

/* Begin XCBuildConfiguration section */
		BFA1A6AC222CBAC200D9B167 /* Debug */ = {
			isa = XCBuildConfiguration;
			buildSettings = {
				ALWAYS_SEARCH_USER_PATHS = NO;
				CLANG_ANALYZER_NONNULL = YES;
				CLANG_ANALYZER_NUMBER_OBJECT_CONVERSION = YES_AGGRESSIVE;
				CLANG_CXX_LANGUAGE_STANDARD = "gnu++14";
				CLANG_CXX_LIBRARY = "libc++";
				CLANG_ENABLE_MODULES = YES;
				CLANG_ENABLE_OBJC_ARC = YES;
				CLANG_ENABLE_OBJC_WEAK = YES;
				CLANG_WARN_BLOCK_CAPTURE_AUTORELEASING = YES;
				CLANG_WARN_BOOL_CONVERSION = YES;
				CLANG_WARN_COMMA = YES;
				CLANG_WARN_CONSTANT_CONVERSION = YES;
				CLANG_WARN_DEPRECATED_OBJC_IMPLEMENTATIONS = YES;
				CLANG_WARN_DIRECT_OBJC_ISA_USAGE = YES_ERROR;
				CLANG_WARN_DOCUMENTATION_COMMENTS = YES;
				CLANG_WARN_EMPTY_BODY = YES;
				CLANG_WARN_ENUM_CONVERSION = YES;
				CLANG_WARN_INFINITE_RECURSION = YES;
				CLANG_WARN_INT_CONVERSION = YES;
				CLANG_WARN_NON_LITERAL_NULL_CONVERSION = YES;
				CLANG_WARN_OBJC_IMPLICIT_RETAIN_SELF = YES;
				CLANG_WARN_OBJC_LITERAL_CONVERSION = YES;
				CLANG_WARN_OBJC_ROOT_CLASS = YES_ERROR;
				CLANG_WARN_RANGE_LOOP_ANALYSIS = YES;
				CLANG_WARN_STRICT_PROTOTYPES = YES;
				CLANG_WARN_SUSPICIOUS_MOVE = YES;
				CLANG_WARN_UNGUARDED_AVAILABILITY = YES_AGGRESSIVE;
				CLANG_WARN_UNREACHABLE_CODE = YES;
				CLANG_WARN__DUPLICATE_METHOD_MATCH = YES;
				CODE_SIGN_IDENTITY = "iPhone Developer";
				COPY_PHASE_STRIP = NO;
				DEBUG_INFORMATION_FORMAT = dwarf;
				ENABLE_STRICT_OBJC_MSGSEND = YES;
				ENABLE_TESTABILITY = YES;
				GCC_C_LANGUAGE_STANDARD = gnu11;
				GCC_DYNAMIC_NO_PIC = NO;
				GCC_NO_COMMON_BLOCKS = YES;
				GCC_OPTIMIZATION_LEVEL = 0;
				GCC_PREPROCESSOR_DEFINITIONS = (
					"DEBUG=1",
					"$(inherited)",
				);
				GCC_WARN_64_TO_32_BIT_CONVERSION = YES;
				GCC_WARN_ABOUT_RETURN_TYPE = YES_ERROR;
				GCC_WARN_UNDECLARED_SELECTOR = YES;
				GCC_WARN_UNINITIALIZED_AUTOS = YES_AGGRESSIVE;
				GCC_WARN_UNUSED_FUNCTION = YES;
				GCC_WARN_UNUSED_VARIABLE = YES;
				IPHONEOS_DEPLOYMENT_TARGET = 12.1;
				MTL_ENABLE_DEBUG_INFO = INCLUDE_SOURCE;
				MTL_FAST_MATH = YES;
				ONLY_ACTIVE_ARCH = YES;
				SDKROOT = iphoneos;
				SWIFT_ACTIVE_COMPILATION_CONDITIONS = DEBUG;
				SWIFT_OPTIMIZATION_LEVEL = "-Onone";
			};
			name = Debug;
		};
		BFA1A6AD222CBAC200D9B167 /* Release */ = {
			isa = XCBuildConfiguration;
			buildSettings = {
				ALWAYS_SEARCH_USER_PATHS = NO;
				CLANG_ANALYZER_NONNULL = YES;
				CLANG_ANALYZER_NUMBER_OBJECT_CONVERSION = YES_AGGRESSIVE;
				CLANG_CXX_LANGUAGE_STANDARD = "gnu++14";
				CLANG_CXX_LIBRARY = "libc++";
				CLANG_ENABLE_MODULES = YES;
				CLANG_ENABLE_OBJC_ARC = YES;
				CLANG_ENABLE_OBJC_WEAK = YES;
				CLANG_WARN_BLOCK_CAPTURE_AUTORELEASING = YES;
				CLANG_WARN_BOOL_CONVERSION = YES;
				CLANG_WARN_COMMA = YES;
				CLANG_WARN_CONSTANT_CONVERSION = YES;
				CLANG_WARN_DEPRECATED_OBJC_IMPLEMENTATIONS = YES;
				CLANG_WARN_DIRECT_OBJC_ISA_USAGE = YES_ERROR;
				CLANG_WARN_DOCUMENTATION_COMMENTS = YES;
				CLANG_WARN_EMPTY_BODY = YES;
				CLANG_WARN_ENUM_CONVERSION = YES;
				CLANG_WARN_INFINITE_RECURSION = YES;
				CLANG_WARN_INT_CONVERSION = YES;
				CLANG_WARN_NON_LITERAL_NULL_CONVERSION = YES;
				CLANG_WARN_OBJC_IMPLICIT_RETAIN_SELF = YES;
				CLANG_WARN_OBJC_LITERAL_CONVERSION = YES;
				CLANG_WARN_OBJC_ROOT_CLASS = YES_ERROR;
				CLANG_WARN_RANGE_LOOP_ANALYSIS = YES;
				CLANG_WARN_STRICT_PROTOTYPES = YES;
				CLANG_WARN_SUSPICIOUS_MOVE = YES;
				CLANG_WARN_UNGUARDED_AVAILABILITY = YES_AGGRESSIVE;
				CLANG_WARN_UNREACHABLE_CODE = YES;
				CLANG_WARN__DUPLICATE_METHOD_MATCH = YES;
				CODE_SIGN_IDENTITY = "iPhone Developer";
				COPY_PHASE_STRIP = NO;
				DEBUG_INFORMATION_FORMAT = "dwarf-with-dsym";
				ENABLE_NS_ASSERTIONS = NO;
				ENABLE_STRICT_OBJC_MSGSEND = YES;
				GCC_C_LANGUAGE_STANDARD = gnu11;
				GCC_NO_COMMON_BLOCKS = YES;
				GCC_WARN_64_TO_32_BIT_CONVERSION = YES;
				GCC_WARN_ABOUT_RETURN_TYPE = YES_ERROR;
				GCC_WARN_UNDECLARED_SELECTOR = YES;
				GCC_WARN_UNINITIALIZED_AUTOS = YES_AGGRESSIVE;
				GCC_WARN_UNUSED_FUNCTION = YES;
				GCC_WARN_UNUSED_VARIABLE = YES;
				IPHONEOS_DEPLOYMENT_TARGET = 12.1;
				MTL_ENABLE_DEBUG_INFO = NO;
				MTL_FAST_MATH = YES;
				SDKROOT = iphoneos;
				SWIFT_COMPILATION_MODE = wholemodule;
				SWIFT_OPTIMIZATION_LEVEL = "-O";
				VALIDATE_PRODUCT = YES;
			};
			name = Release;
		};
		BFA1A6AF222CBAC200D9B167 /* Debug */ = {
			isa = XCBuildConfiguration;
			baseConfigurationReference = 9FB224CEF6D068047ECBB622 /* Pods-UVM FabLab.debug.xcconfig */;
			buildSettings = {
				ASSETCATALOG_COMPILER_APPICON_NAME = AppIcon;
				CODE_SIGN_STYLE = Automatic;
				DEVELOPMENT_TEAM = RJPG9JLTQ3;
				INFOPLIST_FILE = "UVM FabLab/Info.plist";
				LD_RUNPATH_SEARCH_PATHS = (
					"$(inherited)",
					"@executable_path/Frameworks",
				);
				PRODUCT_BUNDLE_IDENTIFIER = "goatgoose.IOS.UVM-FabLab";
				PRODUCT_NAME = "$(TARGET_NAME)";
				SWIFT_VERSION = 4.2;
				TARGETED_DEVICE_FAMILY = "1,2";
			};
			name = Debug;
		};
		BFA1A6B0222CBAC200D9B167 /* Release */ = {
			isa = XCBuildConfiguration;
			baseConfigurationReference = D7061C160EF60D37624BDEF2 /* Pods-UVM FabLab.release.xcconfig */;
			buildSettings = {
				ASSETCATALOG_COMPILER_APPICON_NAME = AppIcon;
				CODE_SIGN_STYLE = Automatic;
				DEVELOPMENT_TEAM = RJPG9JLTQ3;
				INFOPLIST_FILE = "UVM FabLab/Info.plist";
				LD_RUNPATH_SEARCH_PATHS = (
					"$(inherited)",
					"@executable_path/Frameworks",
				);
				PRODUCT_BUNDLE_IDENTIFIER = "goatgoose.IOS.UVM-FabLab";
				PRODUCT_NAME = "$(TARGET_NAME)";
				SWIFT_VERSION = 4.2;
				TARGETED_DEVICE_FAMILY = "1,2";
			};
			name = Release;
		};
		BFA1A6B2222CBAC200D9B167 /* Debug */ = {
			isa = XCBuildConfiguration;
			buildSettings = {
				ALWAYS_EMBED_SWIFT_STANDARD_LIBRARIES = YES;
				BUNDLE_LOADER = "$(TEST_HOST)";
				CODE_SIGN_STYLE = Automatic;
				DEVELOPMENT_TEAM = 3ARW4XAJY4;
				INFOPLIST_FILE = "UVM FabLabTests/Info.plist";
				LD_RUNPATH_SEARCH_PATHS = (
					"$(inherited)",
					"@executable_path/Frameworks",
					"@loader_path/Frameworks",
				);
				PRODUCT_BUNDLE_IDENTIFIER = "IOS.UVM-FabLabTests";
				PRODUCT_NAME = "$(TARGET_NAME)";
				SWIFT_VERSION = 4.2;
				TARGETED_DEVICE_FAMILY = "1,2";
				TEST_HOST = "$(BUILT_PRODUCTS_DIR)/UVM FabLab.app/UVM FabLab";
			};
			name = Debug;
		};
		BFA1A6B3222CBAC200D9B167 /* Release */ = {
			isa = XCBuildConfiguration;
			buildSettings = {
				ALWAYS_EMBED_SWIFT_STANDARD_LIBRARIES = YES;
				BUNDLE_LOADER = "$(TEST_HOST)";
				CODE_SIGN_STYLE = Automatic;
				DEVELOPMENT_TEAM = 3ARW4XAJY4;
				INFOPLIST_FILE = "UVM FabLabTests/Info.plist";
				LD_RUNPATH_SEARCH_PATHS = (
					"$(inherited)",
					"@executable_path/Frameworks",
					"@loader_path/Frameworks",
				);
				PRODUCT_BUNDLE_IDENTIFIER = "IOS.UVM-FabLabTests";
				PRODUCT_NAME = "$(TARGET_NAME)";
				SWIFT_VERSION = 4.2;
				TARGETED_DEVICE_FAMILY = "1,2";
				TEST_HOST = "$(BUILT_PRODUCTS_DIR)/UVM FabLab.app/UVM FabLab";
			};
			name = Release;
		};
		BFA1A6B5222CBAC200D9B167 /* Debug */ = {
			isa = XCBuildConfiguration;
			buildSettings = {
				ALWAYS_EMBED_SWIFT_STANDARD_LIBRARIES = YES;
				CODE_SIGN_STYLE = Automatic;
				DEVELOPMENT_TEAM = 3ARW4XAJY4;
				INFOPLIST_FILE = "UVM FabLabUITests/Info.plist";
				LD_RUNPATH_SEARCH_PATHS = (
					"$(inherited)",
					"@executable_path/Frameworks",
					"@loader_path/Frameworks",
				);
				PRODUCT_BUNDLE_IDENTIFIER = "IOS.UVM-FabLabUITests";
				PRODUCT_NAME = "$(TARGET_NAME)";
				SWIFT_VERSION = 4.2;
				TARGETED_DEVICE_FAMILY = "1,2";
				TEST_TARGET_NAME = "UVM FabLab";
			};
			name = Debug;
		};
		BFA1A6B6222CBAC200D9B167 /* Release */ = {
			isa = XCBuildConfiguration;
			buildSettings = {
				ALWAYS_EMBED_SWIFT_STANDARD_LIBRARIES = YES;
				CODE_SIGN_STYLE = Automatic;
				DEVELOPMENT_TEAM = 3ARW4XAJY4;
				INFOPLIST_FILE = "UVM FabLabUITests/Info.plist";
				LD_RUNPATH_SEARCH_PATHS = (
					"$(inherited)",
					"@executable_path/Frameworks",
					"@loader_path/Frameworks",
				);
				PRODUCT_BUNDLE_IDENTIFIER = "IOS.UVM-FabLabUITests";
				PRODUCT_NAME = "$(TARGET_NAME)";
				SWIFT_VERSION = 4.2;
				TARGETED_DEVICE_FAMILY = "1,2";
				TEST_TARGET_NAME = "UVM FabLab";
			};
			name = Release;
		};
/* End XCBuildConfiguration section */

/* Begin XCConfigurationList section */
		BFA1A67F222CBABB00D9B167 /* Build configuration list for PBXProject "UVM FabLab" */ = {
			isa = XCConfigurationList;
			buildConfigurations = (
				BFA1A6AC222CBAC200D9B167 /* Debug */,
				BFA1A6AD222CBAC200D9B167 /* Release */,
			);
			defaultConfigurationIsVisible = 0;
			defaultConfigurationName = Release;
		};
		BFA1A6AE222CBAC200D9B167 /* Build configuration list for PBXNativeTarget "UVM FabLab" */ = {
			isa = XCConfigurationList;
			buildConfigurations = (
				BFA1A6AF222CBAC200D9B167 /* Debug */,
				BFA1A6B0222CBAC200D9B167 /* Release */,
			);
			defaultConfigurationIsVisible = 0;
			defaultConfigurationName = Release;
		};
		BFA1A6B1222CBAC200D9B167 /* Build configuration list for PBXNativeTarget "UVM FabLabTests" */ = {
			isa = XCConfigurationList;
			buildConfigurations = (
				BFA1A6B2222CBAC200D9B167 /* Debug */,
				BFA1A6B3222CBAC200D9B167 /* Release */,
			);
			defaultConfigurationIsVisible = 0;
			defaultConfigurationName = Release;
		};
		BFA1A6B4222CBAC200D9B167 /* Build configuration list for PBXNativeTarget "UVM FabLabUITests" */ = {
			isa = XCConfigurationList;
			buildConfigurations = (
				BFA1A6B5222CBAC200D9B167 /* Debug */,
				BFA1A6B6222CBAC200D9B167 /* Release */,
			);
			defaultConfigurationIsVisible = 0;
			defaultConfigurationName = Release;
		};
/* End XCConfigurationList section */
	};
	rootObject = BFA1A67C222CBABB00D9B167 /* Project object */;
}
